// !$*UTF8*$!
{
	archiveVersion = 1;
	classes = {
	};
	objectVersion = 55;
	objects = {

/* Begin PBXBuildFile section */
		C16CB01E7BDF221C77576C4F /* Pods_JSON___REST_API_Practice.framework in Frameworks */ = {isa = PBXBuildFile; fileRef = F2BBC1A0EF76CA98500735B8 /* Pods_JSON___REST_API_Practice.framework */; };
		CE389E1128C934900058008F /* MovieTableViewCell.swift in Sources */ = {isa = PBXBuildFile; fileRef = CE389E0F28C934900058008F /* MovieTableViewCell.swift */; };
		CE389E1228C934900058008F /* MovieTableViewCell.xib in Resources */ = {isa = PBXBuildFile; fileRef = CE389E1028C934900058008F /* MovieTableViewCell.xib */; };
		CE3B7B8028D67C010006EB45 /* LoadingCell.swift in Sources */ = {isa = PBXBuildFile; fileRef = CE3B7B7E28D67C010006EB45 /* LoadingCell.swift */; };
		CE3B7B8128D67C010006EB45 /* LoadingCell.xib in Resources */ = {isa = PBXBuildFile; fileRef = CE3B7B7F28D67C010006EB45 /* LoadingCell.xib */; };
		CE515B9F28C6949000CFF54B /* AppDelegate.swift in Sources */ = {isa = PBXBuildFile; fileRef = CE515B9E28C6949000CFF54B /* AppDelegate.swift */; };
		CE515BA128C6949000CFF54B /* SceneDelegate.swift in Sources */ = {isa = PBXBuildFile; fileRef = CE515BA028C6949000CFF54B /* SceneDelegate.swift */; };
		CE515BA328C6949000CFF54B /* MainViewController.swift in Sources */ = {isa = PBXBuildFile; fileRef = CE515BA228C6949000CFF54B /* MainViewController.swift */; };
		CE515BA628C6949000CFF54B /* Main.storyboard in Resources */ = {isa = PBXBuildFile; fileRef = CE515BA428C6949000CFF54B /* Main.storyboard */; };
		CE515BA828C6949400CFF54B /* Assets.xcassets in Resources */ = {isa = PBXBuildFile; fileRef = CE515BA728C6949400CFF54B /* Assets.xcassets */; };
		CE515BAB28C6949400CFF54B /* LaunchScreen.storyboard in Resources */ = {isa = PBXBuildFile; fileRef = CE515BA928C6949400CFF54B /* LaunchScreen.storyboard */; };
		CE515BB328C694B000CFF54B /* JsonModels.swift in Sources */ = {isa = PBXBuildFile; fileRef = CE515BB228C694B000CFF54B /* JsonModels.swift */; };
		CE515BB628C6983900CFF54B /* RawData.json in Resources */ = {isa = PBXBuildFile; fileRef = CE515BB528C6983900CFF54B /* RawData.json */; };
		CE515BB928C6A38600CFF54B /* NetworkManager.swift in Sources */ = {isa = PBXBuildFile; fileRef = CE515BB828C6A38600CFF54B /* NetworkManager.swift */; };
		CE515BBB28C6A80E00CFF54B /* Podfile in Resources */ = {isa = PBXBuildFile; fileRef = CE515BBA28C6A80E00CFF54B /* Podfile */; };
		CE520C5228D4BB7000C0DED0 /* RealmModels.swift in Sources */ = {isa = PBXBuildFile; fileRef = CE520C5128D4BB7000C0DED0 /* RealmModels.swift */; };
		CE568FCD28D4E34200F96DAC /* RealmFunctions.swift in Sources */ = {isa = PBXBuildFile; fileRef = CE568FCC28D4E34200F96DAC /* RealmFunctions.swift */; };
		CE6932B628C7EA5400955A76 /* MovieGenresModels.swift in Sources */ = {isa = PBXBuildFile; fileRef = CE6932B528C7EA5400955A76 /* MovieGenresModels.swift */; };
		CE6932B828C7EABD00955A76 /* TrendyMoviesModels.swift in Sources */ = {isa = PBXBuildFile; fileRef = CE6932B728C7EABD00955A76 /* TrendyMoviesModels.swift */; };
		CE7A7C6928CA3A09002A1F6E /* UIImageView+Extension.swift in Sources */ = {isa = PBXBuildFile; fileRef = CE7A7C6828CA3A09002A1F6E /* UIImageView+Extension.swift */; };
		CEB5C84828D64EF000F1B3C2 /* File.swift in Sources */ = {isa = PBXBuildFile; fileRef = CEB5C84728D64EF000F1B3C2 /* File.swift */; };
		CECEA4F428CA775000D203B7 /* GenresViewController.swift in Sources */ = {isa = PBXBuildFile; fileRef = CECEA4F328CA775000D203B7 /* GenresViewController.swift */; };
		CECEA4FB28CA9EAF00D203B7 /* GlobalVariables.swift in Sources */ = {isa = PBXBuildFile; fileRef = CECEA4FA28CA9EAF00D203B7 /* GlobalVariables.swift */; };
/* End PBXBuildFile section */

/* Begin PBXFileReference section */
		668A78B24EAF3596AA12CDED /* Pods-JSON + REST API Practice.release.xcconfig */ = {isa = PBXFileReference; includeInIndex = 1; lastKnownFileType = text.xcconfig; name = "Pods-JSON + REST API Practice.release.xcconfig"; path = "Target Support Files/Pods-JSON + REST API Practice/Pods-JSON + REST API Practice.release.xcconfig"; sourceTree = "<group>"; };
		7E9EC8A7943C7872E2DA284A /* Pods-JSON + REST API Practice.debug.xcconfig */ = {isa = PBXFileReference; includeInIndex = 1; lastKnownFileType = text.xcconfig; name = "Pods-JSON + REST API Practice.debug.xcconfig"; path = "Target Support Files/Pods-JSON + REST API Practice/Pods-JSON + REST API Practice.debug.xcconfig"; sourceTree = "<group>"; };
		CE389E0F28C934900058008F /* MovieTableViewCell.swift */ = {isa = PBXFileReference; lastKnownFileType = sourcecode.swift; path = MovieTableViewCell.swift; sourceTree = "<group>"; };
		CE389E1028C934900058008F /* MovieTableViewCell.xib */ = {isa = PBXFileReference; lastKnownFileType = file.xib; path = MovieTableViewCell.xib; sourceTree = "<group>"; };
		CE3B7B7E28D67C010006EB45 /* LoadingCell.swift */ = {isa = PBXFileReference; lastKnownFileType = sourcecode.swift; path = LoadingCell.swift; sourceTree = "<group>"; };
		CE3B7B7F28D67C010006EB45 /* LoadingCell.xib */ = {isa = PBXFileReference; lastKnownFileType = file.xib; path = LoadingCell.xib; sourceTree = "<group>"; };
		CE515B9B28C6949000CFF54B /* JSON + REST API Practice.app */ = {isa = PBXFileReference; explicitFileType = wrapper.application; includeInIndex = 0; path = "JSON + REST API Practice.app"; sourceTree = BUILT_PRODUCTS_DIR; };
		CE515B9E28C6949000CFF54B /* AppDelegate.swift */ = {isa = PBXFileReference; lastKnownFileType = sourcecode.swift; path = AppDelegate.swift; sourceTree = "<group>"; };
		CE515BA028C6949000CFF54B /* SceneDelegate.swift */ = {isa = PBXFileReference; lastKnownFileType = sourcecode.swift; path = SceneDelegate.swift; sourceTree = "<group>"; };
		CE515BA228C6949000CFF54B /* MainViewController.swift */ = {isa = PBXFileReference; lastKnownFileType = sourcecode.swift; path = MainViewController.swift; sourceTree = "<group>"; };
		CE515BA528C6949000CFF54B /* Base */ = {isa = PBXFileReference; lastKnownFileType = file.storyboard; name = Base; path = Base.lproj/Main.storyboard; sourceTree = "<group>"; };
		CE515BA728C6949400CFF54B /* Assets.xcassets */ = {isa = PBXFileReference; lastKnownFileType = folder.assetcatalog; path = Assets.xcassets; sourceTree = "<group>"; };
		CE515BAA28C6949400CFF54B /* Base */ = {isa = PBXFileReference; lastKnownFileType = file.storyboard; name = Base; path = Base.lproj/LaunchScreen.storyboard; sourceTree = "<group>"; };
		CE515BAC28C6949400CFF54B /* Info.plist */ = {isa = PBXFileReference; lastKnownFileType = text.plist.xml; path = Info.plist; sourceTree = "<group>"; };
		CE515BB228C694B000CFF54B /* JsonModels.swift */ = {isa = PBXFileReference; lastKnownFileType = sourcecode.swift; path = JsonModels.swift; sourceTree = "<group>"; };
		CE515BB528C6983900CFF54B /* RawData.json */ = {isa = PBXFileReference; lastKnownFileType = text.json; path = RawData.json; sourceTree = "<group>"; };
		CE515BB828C6A38600CFF54B /* NetworkManager.swift */ = {isa = PBXFileReference; lastKnownFileType = sourcecode.swift; path = NetworkManager.swift; sourceTree = "<group>"; };
		CE515BBA28C6A80E00CFF54B /* Podfile */ = {isa = PBXFileReference; fileEncoding = 4; lastKnownFileType = text; path = Podfile; sourceTree = SOURCE_ROOT; xcLanguageSpecificationIdentifier = xcode.lang.ruby; };
		CE520C5128D4BB7000C0DED0 /* RealmModels.swift */ = {isa = PBXFileReference; lastKnownFileType = sourcecode.swift; path = RealmModels.swift; sourceTree = "<group>"; };
		CE568FCC28D4E34200F96DAC /* RealmFunctions.swift */ = {isa = PBXFileReference; lastKnownFileType = sourcecode.swift; path = RealmFunctions.swift; sourceTree = "<group>"; };
		CE6932B528C7EA5400955A76 /* MovieGenresModels.swift */ = {isa = PBXFileReference; lastKnownFileType = sourcecode.swift; path = MovieGenresModels.swift; sourceTree = "<group>"; };
		CE6932B728C7EABD00955A76 /* TrendyMoviesModels.swift */ = {isa = PBXFileReference; lastKnownFileType = sourcecode.swift; path = TrendyMoviesModels.swift; sourceTree = "<group>"; };
		CE7A7C6828CA3A09002A1F6E /* UIImageView+Extension.swift */ = {isa = PBXFileReference; lastKnownFileType = sourcecode.swift; path = "UIImageView+Extension.swift"; sourceTree = "<group>"; };
		CEB5C84728D64EF000F1B3C2 /* File.swift */ = {isa = PBXFileReference; lastKnownFileType = sourcecode.swift; path = File.swift; sourceTree = "<group>"; };
		CECEA4F328CA775000D203B7 /* GenresViewController.swift */ = {isa = PBXFileReference; lastKnownFileType = sourcecode.swift; path = GenresViewController.swift; sourceTree = "<group>"; };
		CECEA4FA28CA9EAF00D203B7 /* GlobalVariables.swift */ = {isa = PBXFileReference; lastKnownFileType = sourcecode.swift; path = GlobalVariables.swift; sourceTree = "<group>"; };
		F2BBC1A0EF76CA98500735B8 /* Pods_JSON___REST_API_Practice.framework */ = {isa = PBXFileReference; explicitFileType = wrapper.framework; includeInIndex = 0; path = "Pods_JSON___REST_API_Practice.framework"; sourceTree = BUILT_PRODUCTS_DIR; };
/* End PBXFileReference section */

/* Begin PBXFrameworksBuildPhase section */
		CE515B9828C6949000CFF54B /* Frameworks */ = {
			isa = PBXFrameworksBuildPhase;
			buildActionMask = 2147483647;
			files = (
				C16CB01E7BDF221C77576C4F /* Pods_JSON___REST_API_Practice.framework in Frameworks */,
			);
			runOnlyForDeploymentPostprocessing = 0;
		};
/* End PBXFrameworksBuildPhase section */

/* Begin PBXGroup section */
		17E443E866EE72F6EFA0B18A /* Pods */ = {
			isa = PBXGroup;
			children = (
				7E9EC8A7943C7872E2DA284A /* Pods-JSON + REST API Practice.debug.xcconfig */,
				668A78B24EAF3596AA12CDED /* Pods-JSON + REST API Practice.release.xcconfig */,
			);
			path = Pods;
			sourceTree = "<group>";
		};
		6D99863B1CA9D67164D657B5 /* Frameworks */ = {
			isa = PBXGroup;
			children = (
				F2BBC1A0EF76CA98500735B8 /* Pods_JSON___REST_API_Practice.framework */,
			);
			name = Frameworks;
			sourceTree = "<group>";
		};
		CE389E0E28C9345F0058008F /* MovieTableView */ = {
			isa = PBXGroup;
			children = (
				CE389E0F28C934900058008F /* MovieTableViewCell.swift */,
				CE389E1028C934900058008F /* MovieTableViewCell.xib */,
			);
			path = MovieTableView;
			sourceTree = "<group>";
		};
		CE3B7B8228D67C0F0006EB45 /* LoadingCell */ = {
			isa = PBXGroup;
			children = (
				CE3B7B7E28D67C010006EB45 /* LoadingCell.swift */,
				CE3B7B7F28D67C010006EB45 /* LoadingCell.xib */,
			);
			path = LoadingCell;
			sourceTree = "<group>";
		};
		CE515B9228C6949000CFF54B = {
			isa = PBXGroup;
			children = (
				CE515B9D28C6949000CFF54B /* JSON + REST API Practice */,
				CE515B9C28C6949000CFF54B /* Products */,
				17E443E866EE72F6EFA0B18A /* Pods */,
				6D99863B1CA9D67164D657B5 /* Frameworks */,
			);
			sourceTree = "<group>";
		};
		CE515B9C28C6949000CFF54B /* Products */ = {
			isa = PBXGroup;
			children = (
				CE515B9B28C6949000CFF54B /* JSON + REST API Practice.app */,
			);
			name = Products;
			sourceTree = "<group>";
		};
		CE515B9D28C6949000CFF54B /* JSON + REST API Practice */ = {
			isa = PBXGroup;
			children = (
				CE515BBA28C6A80E00CFF54B /* Podfile */,
				CE515BB728C6983E00CFF54B /* Data */,
				CE515BB428C6972A00CFF54B /* Models */,
				CE6932B328C7AA1A00955A76 /* Views */,
				CE6932B428C7AA3400955A76 /* Controllers */,
				CE7A7C6728CA39D0002A1F6E /* Extensions */,
				CE515B9E28C6949000CFF54B /* AppDelegate.swift */,
				CE515BA028C6949000CFF54B /* SceneDelegate.swift */,
				CE515BA728C6949400CFF54B /* Assets.xcassets */,
				CE515BA928C6949400CFF54B /* LaunchScreen.storyboard */,
				CE515BAC28C6949400CFF54B /* Info.plist */,
				CEB5C84728D64EF000F1B3C2 /* File.swift */,
			);
			path = "JSON + REST API Practice";
			sourceTree = "<group>";
		};
		CE515BB428C6972A00CFF54B /* Models */ = {
			isa = PBXGroup;
			children = (
				CE515BB828C6A38600CFF54B /* NetworkManager.swift */,
				CE6932B728C7EABD00955A76 /* TrendyMoviesModels.swift */,
				CE6932B528C7EA5400955A76 /* MovieGenresModels.swift */,
				CE515BB228C694B000CFF54B /* JsonModels.swift */,
				CECEA4FA28CA9EAF00D203B7 /* GlobalVariables.swift */,
				CE520C5128D4BB7000C0DED0 /* RealmModels.swift */,
				CE568FCC28D4E34200F96DAC /* RealmFunctions.swift */,
			);
			path = Models;
			sourceTree = "<group>";
		};
		CE515BB728C6983E00CFF54B /* Data */ = {
			isa = PBXGroup;
			children = (
				CE515BB528C6983900CFF54B /* RawData.json */,
			);
			path = Data;
			sourceTree = "<group>";
		};
		CE6932B328C7AA1A00955A76 /* Views */ = {
			isa = PBXGroup;
			children = (
				CE3B7B8228D67C0F0006EB45 /* LoadingCell */,
				CE389E0E28C9345F0058008F /* MovieTableView */,
				CE515BA428C6949000CFF54B /* Main.storyboard */,
			);
			path = Views;
			sourceTree = "<group>";
		};
		CE6932B428C7AA3400955A76 /* Controllers */ = {
			isa = PBXGroup;
			children = (
				CE515BA228C6949000CFF54B /* MainViewController.swift */,
				CECEA4F328CA775000D203B7 /* GenresViewController.swift */,
			);
			path = Controllers;
			sourceTree = "<group>";
		};
		CE7A7C6728CA39D0002A1F6E /* Extensions */ = {
			isa = PBXGroup;
			children = (
				CE7A7C6828CA3A09002A1F6E /* UIImageView+Extension.swift */,
			);
			path = Extensions;
			sourceTree = "<group>";
		};
/* End PBXGroup section */

/* Begin PBXNativeTarget section */
		CE515B9A28C6949000CFF54B /* JSON + REST API Practice */ = {
			isa = PBXNativeTarget;
			buildConfigurationList = CE515BAF28C6949400CFF54B /* Build configuration list for PBXNativeTarget "JSON + REST API Practice" */;
			buildPhases = (
				976F96372642CA6735B2B190 /* [CP] Check Pods Manifest.lock */,
				CE515B9728C6949000CFF54B /* Sources */,
				CE515B9828C6949000CFF54B /* Frameworks */,
				CE515B9928C6949000CFF54B /* Resources */,
				4C49E8B8B8520B0245B8AED2 /* [CP] Embed Pods Frameworks */,
			);
			buildRules = (
			);
			dependencies = (
			);
			name = "JSON + REST API Practice";
			productName = "JSON + REST API Practice";
			productReference = CE515B9B28C6949000CFF54B /* JSON + REST API Practice.app */;
			productType = "com.apple.product-type.application";
		};
/* End PBXNativeTarget section */

/* Begin PBXProject section */
		CE515B9328C6949000CFF54B /* Project object */ = {
			isa = PBXProject;
			attributes = {
				BuildIndependentTargetsInParallel = 1;
				LastSwiftUpdateCheck = 1340;
				LastUpgradeCheck = 1340;
				TargetAttributes = {
					CE515B9A28C6949000CFF54B = {
						CreatedOnToolsVersion = 13.4.1;
					};
				};
			};
			buildConfigurationList = CE515B9628C6949000CFF54B /* Build configuration list for PBXProject "JSON + REST API Practice" */;
			compatibilityVersion = "Xcode 13.0";
			developmentRegion = en;
			hasScannedForEncodings = 0;
			knownRegions = (
				en,
				Base,
			);
			mainGroup = CE515B9228C6949000CFF54B;
			productRefGroup = CE515B9C28C6949000CFF54B /* Products */;
			projectDirPath = "";
			projectRoot = "";
			targets = (
				CE515B9A28C6949000CFF54B /* JSON + REST API Practice */,
			);
		};
/* End PBXProject section */

/* Begin PBXResourcesBuildPhase section */
		CE515B9928C6949000CFF54B /* Resources */ = {
			isa = PBXResourcesBuildPhase;
			buildActionMask = 2147483647;
			files = (
				CE3B7B8128D67C010006EB45 /* LoadingCell.xib in Resources */,
				CE515BBB28C6A80E00CFF54B /* Podfile in Resources */,
				CE515BB628C6983900CFF54B /* RawData.json in Resources */,
				CE389E1228C934900058008F /* MovieTableViewCell.xib in Resources */,
				CE515BAB28C6949400CFF54B /* LaunchScreen.storyboard in Resources */,
				CE515BA828C6949400CFF54B /* Assets.xcassets in Resources */,
				CE515BA628C6949000CFF54B /* Main.storyboard in Resources */,
			);
			runOnlyForDeploymentPostprocessing = 0;
		};
/* End PBXResourcesBuildPhase section */

/* Begin PBXShellScriptBuildPhase section */
		4C49E8B8B8520B0245B8AED2 /* [CP] Embed Pods Frameworks */ = {
			isa = PBXShellScriptBuildPhase;
			buildActionMask = 2147483647;
			files = (
			);
			inputFileListPaths = (
				"${PODS_ROOT}/Target Support Files/Pods-JSON + REST API Practice/Pods-JSON + REST API Practice-frameworks-${CONFIGURATION}-input-files.xcfilelist",
			);
			name = "[CP] Embed Pods Frameworks";
			outputFileListPaths = (
				"${PODS_ROOT}/Target Support Files/Pods-JSON + REST API Practice/Pods-JSON + REST API Practice-frameworks-${CONFIGURATION}-output-files.xcfilelist",
			);
			runOnlyForDeploymentPostprocessing = 0;
			shellPath = /bin/sh;
			shellScript = "\"${PODS_ROOT}/Target Support Files/Pods-JSON + REST API Practice/Pods-JSON + REST API Practice-frameworks.sh\"\n";
			showEnvVarsInLog = 0;
		};
		976F96372642CA6735B2B190 /* [CP] Check Pods Manifest.lock */ = {
			isa = PBXShellScriptBuildPhase;
			buildActionMask = 2147483647;
			files = (
			);
			inputFileListPaths = (
			);
			inputPaths = (
				"${PODS_PODFILE_DIR_PATH}/Podfile.lock",
				"${PODS_ROOT}/Manifest.lock",
			);
			name = "[CP] Check Pods Manifest.lock";
			outputFileListPaths = (
			);
			outputPaths = (
				"$(DERIVED_FILE_DIR)/Pods-JSON + REST API Practice-checkManifestLockResult.txt",
			);
			runOnlyForDeploymentPostprocessing = 0;
			shellPath = /bin/sh;
			shellScript = "diff \"${PODS_PODFILE_DIR_PATH}/Podfile.lock\" \"${PODS_ROOT}/Manifest.lock\" > /dev/null\nif [ $? != 0 ] ; then\n    # print error to STDERR\n    echo \"error: The sandbox is not in sync with the Podfile.lock. Run 'pod install' or update your CocoaPods installation.\" >&2\n    exit 1\nfi\n# This output is used by Xcode 'outputs' to avoid re-running this script phase.\necho \"SUCCESS\" > \"${SCRIPT_OUTPUT_FILE_0}\"\n";
			showEnvVarsInLog = 0;
		};
/* End PBXShellScriptBuildPhase section */

/* Begin PBXSourcesBuildPhase section */
		CE515B9728C6949000CFF54B /* Sources */ = {
			isa = PBXSourcesBuildPhase;
			buildActionMask = 2147483647;
			files = (
				CECEA4F428CA775000D203B7 /* GenresViewController.swift in Sources */,
				CE6932B628C7EA5400955A76 /* MovieGenresModels.swift in Sources */,
				CE515BB928C6A38600CFF54B /* NetworkManager.swift in Sources */,
				CE515BA328C6949000CFF54B /* MainViewController.swift in Sources */,
				CE7A7C6928CA3A09002A1F6E /* UIImageView+Extension.swift in Sources */,
				CE515BB328C694B000CFF54B /* JsonModels.swift in Sources */,
				CECEA4FB28CA9EAF00D203B7 /* GlobalVariables.swift in Sources */,
				CE515B9F28C6949000CFF54B /* AppDelegate.swift in Sources */,
				CE6932B828C7EABD00955A76 /* TrendyMoviesModels.swift in Sources */,
				CE3B7B8028D67C010006EB45 /* LoadingCell.swift in Sources */,
				CEB5C84828D64EF000F1B3C2 /* File.swift in Sources */,
				CE389E1128C934900058008F /* MovieTableViewCell.swift in Sources */,
				CE568FCD28D4E34200F96DAC /* RealmFunctions.swift in Sources */,
				CE515BA128C6949000CFF54B /* SceneDelegate.swift in Sources */,
				CE520C5228D4BB7000C0DED0 /* RealmModels.swift in Sources */,
			);
			runOnlyForDeploymentPostprocessing = 0;
		};
/* End PBXSourcesBuildPhase section */

/* Begin PBXVariantGroup section */
		CE515BA428C6949000CFF54B /* Main.storyboard */ = {
			isa = PBXVariantGroup;
			children = (
				CE515BA528C6949000CFF54B /* Base */,
			);
			name = Main.storyboard;
			sourceTree = "<group>";
		};
		CE515BA928C6949400CFF54B /* LaunchScreen.storyboard */ = {
			isa = PBXVariantGroup;
			children = (
				CE515BAA28C6949400CFF54B /* Base */,
			);
			name = LaunchScreen.storyboard;
			sourceTree = "<group>";
		};
/* End PBXVariantGroup section */

/* Begin XCBuildConfiguration section */
		CE515BAD28C6949400CFF54B /* Debug */ = {
			isa = XCBuildConfiguration;
			buildSettings = {
				ALWAYS_SEARCH_USER_PATHS = NO;
				CLANG_ANALYZER_NONNULL = YES;
				CLANG_ANALYZER_NUMBER_OBJECT_CONVERSION = YES_AGGRESSIVE;
				CLANG_CXX_LANGUAGE_STANDARD = "gnu++17";
				CLANG_ENABLE_MODULES = YES;
				CLANG_ENABLE_OBJC_ARC = YES;
				CLANG_ENABLE_OBJC_WEAK = YES;
				CLANG_WARN_BLOCK_CAPTURE_AUTORELEASING = YES;
				CLANG_WARN_BOOL_CONVERSION = YES;
				CLANG_WARN_COMMA = YES;
				CLANG_WARN_CONSTANT_CONVERSION = YES;
				CLANG_WARN_DEPRECATED_OBJC_IMPLEMENTATIONS = YES;
				CLANG_WARN_DIRECT_OBJC_ISA_USAGE = YES_ERROR;
				CLANG_WARN_DOCUMENTATION_COMMENTS = YES;
				CLANG_WARN_EMPTY_BODY = YES;
				CLANG_WARN_ENUM_CONVERSION = YES;
				CLANG_WARN_INFINITE_RECURSION = YES;
				CLANG_WARN_INT_CONVERSION = YES;
				CLANG_WARN_NON_LITERAL_NULL_CONVERSION = YES;
				CLANG_WARN_OBJC_IMPLICIT_RETAIN_SELF = YES;
				CLANG_WARN_OBJC_LITERAL_CONVERSION = YES;
				CLANG_WARN_OBJC_ROOT_CLASS = YES_ERROR;
				CLANG_WARN_QUOTED_INCLUDE_IN_FRAMEWORK_HEADER = YES;
				CLANG_WARN_RANGE_LOOP_ANALYSIS = YES;
				CLANG_WARN_STRICT_PROTOTYPES = YES;
				CLANG_WARN_SUSPICIOUS_MOVE = YES;
				CLANG_WARN_UNGUARDED_AVAILABILITY = YES_AGGRESSIVE;
				CLANG_WARN_UNREACHABLE_CODE = YES;
				CLANG_WARN__DUPLICATE_METHOD_MATCH = YES;
				COPY_PHASE_STRIP = NO;
				DEBUG_INFORMATION_FORMAT = dwarf;
				ENABLE_STRICT_OBJC_MSGSEND = YES;
				ENABLE_TESTABILITY = YES;
				GCC_C_LANGUAGE_STANDARD = gnu11;
				GCC_DYNAMIC_NO_PIC = NO;
				GCC_NO_COMMON_BLOCKS = YES;
				GCC_OPTIMIZATION_LEVEL = 0;
				GCC_PREPROCESSOR_DEFINITIONS = (
					"DEBUG=1",
					"$(inherited)",
				);
				GCC_WARN_64_TO_32_BIT_CONVERSION = YES;
				GCC_WARN_ABOUT_RETURN_TYPE = YES_ERROR;
				GCC_WARN_UNDECLARED_SELECTOR = YES;
				GCC_WARN_UNINITIALIZED_AUTOS = YES_AGGRESSIVE;
				GCC_WARN_UNUSED_FUNCTION = YES;
				GCC_WARN_UNUSED_VARIABLE = YES;
				IPHONEOS_DEPLOYMENT_TARGET = 15.5;
				MTL_ENABLE_DEBUG_INFO = INCLUDE_SOURCE;
				MTL_FAST_MATH = YES;
				ONLY_ACTIVE_ARCH = YES;
				SDKROOT = iphoneos;
				SWIFT_ACTIVE_COMPILATION_CONDITIONS = DEBUG;
				SWIFT_OPTIMIZATION_LEVEL = "-Onone";
			};
			name = Debug;
		};
		CE515BAE28C6949400CFF54B /* Release */ = {
			isa = XCBuildConfiguration;
			buildSettings = {
				ALWAYS_SEARCH_USER_PATHS = NO;
				CLANG_ANALYZER_NONNULL = YES;
				CLANG_ANALYZER_NUMBER_OBJECT_CONVERSION = YES_AGGRESSIVE;
				CLANG_CXX_LANGUAGE_STANDARD = "gnu++17";
				CLANG_ENABLE_MODULES = YES;
				CLANG_ENABLE_OBJC_ARC = YES;
				CLANG_ENABLE_OBJC_WEAK = YES;
				CLANG_WARN_BLOCK_CAPTURE_AUTORELEASING = YES;
				CLANG_WARN_BOOL_CONVERSION = YES;
				CLANG_WARN_COMMA = YES;
				CLANG_WARN_CONSTANT_CONVERSION = YES;
				CLANG_WARN_DEPRECATED_OBJC_IMPLEMENTATIONS = YES;
				CLANG_WARN_DIRECT_OBJC_ISA_USAGE = YES_ERROR;
				CLANG_WARN_DOCUMENTATION_COMMENTS = YES;
				CLANG_WARN_EMPTY_BODY = YES;
				CLANG_WARN_ENUM_CONVERSION = YES;
				CLANG_WARN_INFINITE_RECURSION = YES;
				CLANG_WARN_INT_CONVERSION = YES;
				CLANG_WARN_NON_LITERAL_NULL_CONVERSION = YES;
				CLANG_WARN_OBJC_IMPLICIT_RETAIN_SELF = YES;
				CLANG_WARN_OBJC_LITERAL_CONVERSION = YES;
				CLANG_WARN_OBJC_ROOT_CLASS = YES_ERROR;
				CLANG_WARN_QUOTED_INCLUDE_IN_FRAMEWORK_HEADER = YES;
				CLANG_WARN_RANGE_LOOP_ANALYSIS = YES;
				CLANG_WARN_STRICT_PROTOTYPES = YES;
				CLANG_WARN_SUSPICIOUS_MOVE = YES;
				CLANG_WARN_UNGUARDED_AVAILABILITY = YES_AGGRESSIVE;
				CLANG_WARN_UNREACHABLE_CODE = YES;
				CLANG_WARN__DUPLICATE_METHOD_MATCH = YES;
				COPY_PHASE_STRIP = NO;
				DEBUG_INFORMATION_FORMAT = "dwarf-with-dsym";
				ENABLE_NS_ASSERTIONS = NO;
				ENABLE_STRICT_OBJC_MSGSEND = YES;
				GCC_C_LANGUAGE_STANDARD = gnu11;
				GCC_NO_COMMON_BLOCKS = YES;
				GCC_WARN_64_TO_32_BIT_CONVERSION = YES;
				GCC_WARN_ABOUT_RETURN_TYPE = YES_ERROR;
				GCC_WARN_UNDECLARED_SELECTOR = YES;
				GCC_WARN_UNINITIALIZED_AUTOS = YES_AGGRESSIVE;
				GCC_WARN_UNUSED_FUNCTION = YES;
				GCC_WARN_UNUSED_VARIABLE = YES;
				IPHONEOS_DEPLOYMENT_TARGET = 15.5;
				MTL_ENABLE_DEBUG_INFO = NO;
				MTL_FAST_MATH = YES;
				SDKROOT = iphoneos;
				SWIFT_COMPILATION_MODE = wholemodule;
				SWIFT_OPTIMIZATION_LEVEL = "-O";
				VALIDATE_PRODUCT = YES;
			};
			name = Release;
		};
		CE515BB028C6949400CFF54B /* Debug */ = {
			isa = XCBuildConfiguration;
			baseConfigurationReference = 7E9EC8A7943C7872E2DA284A /* Pods-JSON + REST API Practice.debug.xcconfig */;
			buildSettings = {
				ASSETCATALOG_COMPILER_APPICON_NAME = AppIcon;
				ASSETCATALOG_COMPILER_GLOBAL_ACCENT_COLOR_NAME = AccentColor;
				CODE_SIGN_STYLE = Automatic;
				CURRENT_PROJECT_VERSION = 1;
				DEVELOPMENT_TEAM = T999GJYMD3;
				GENERATE_INFOPLIST_FILE = YES;
				INFOPLIST_FILE = "JSON + REST API Practice/Info.plist";
				INFOPLIST_KEY_UIApplicationSupportsIndirectInputEvents = YES;
				INFOPLIST_KEY_UILaunchStoryboardName = LaunchScreen;
				INFOPLIST_KEY_UIMainStoryboardFile = Main;
				INFOPLIST_KEY_UISupportedInterfaceOrientations = UIInterfaceOrientationPortrait;
				IPHONEOS_DEPLOYMENT_TARGET = 15.5;
				LD_RUNPATH_SEARCH_PATHS = (
					"$(inherited)",
					"@executable_path/Frameworks",
				);
				MARKETING_VERSION = 1.0;
				PRODUCT_BUNDLE_IDENTIFIER = "com.example.JSON---REST-API-Practice";
				PRODUCT_NAME = "$(TARGET_NAME)";
				SWIFT_EMIT_LOC_STRINGS = YES;
				SWIFT_VERSION = 5.0;
				TARGETED_DEVICE_FAMILY = "1,2";
			};
			name = Debug;
		};
		CE515BB128C6949400CFF54B /* Release */ = {
			isa = XCBuildConfiguration;
			baseConfigurationReference = 668A78B24EAF3596AA12CDED /* Pods-JSON + REST API Practice.release.xcconfig */;
			buildSettings = {
				ASSETCATALOG_COMPILER_APPICON_NAME = AppIcon;
				ASSETCATALOG_COMPILER_GLOBAL_ACCENT_COLOR_NAME = AccentColor;
				CODE_SIGN_STYLE = Automatic;
				CURRENT_PROJECT_VERSION = 1;
				DEVELOPMENT_TEAM = T999GJYMD3;
				GENERATE_INFOPLIST_FILE = YES;
				INFOPLIST_FILE = "JSON + REST API Practice/Info.plist";
				INFOPLIST_KEY_UIApplicationSupportsIndirectInputEvents = YES;
				INFOPLIST_KEY_UILaunchStoryboardName = LaunchScreen;
				INFOPLIST_KEY_UIMainStoryboardFile = Main;
				INFOPLIST_KEY_UISupportedInterfaceOrientations = UIInterfaceOrientationPortrait;
				IPHONEOS_DEPLOYMENT_TARGET = 15.5;
				LD_RUNPATH_SEARCH_PATHS = (
					"$(inherited)",
					"@executable_path/Frameworks",
				);
				MARKETING_VERSION = 1.0;
				PRODUCT_BUNDLE_IDENTIFIER = "com.example.JSON---REST-API-Practice";
				PRODUCT_NAME = "$(TARGET_NAME)";
				SWIFT_EMIT_LOC_STRINGS = YES;
				SWIFT_VERSION = 5.0;
				TARGETED_DEVICE_FAMILY = "1,2";
			};
			name = Release;
		};
/* End XCBuildConfiguration section */

/* Begin XCConfigurationList section */
		CE515B9628C6949000CFF54B /* Build configuration list for PBXProject "JSON + REST API Practice" */ = {
			isa = XCConfigurationList;
			buildConfigurations = (
				CE515BAD28C6949400CFF54B /* Debug */,
				CE515BAE28C6949400CFF54B /* Release */,
			);
			defaultConfigurationIsVisible = 0;
			defaultConfigurationName = Release;
		};
		CE515BAF28C6949400CFF54B /* Build configuration list for PBXNativeTarget "JSON + REST API Practice" */ = {
			isa = XCConfigurationList;
			buildConfigurations = (
				CE515BB028C6949400CFF54B /* Debug */,
				CE515BB128C6949400CFF54B /* Release */,
			);
			defaultConfigurationIsVisible = 0;
			defaultConfigurationName = Release;
		};
/* End XCConfigurationList section */
	};
	rootObject = CE515B9328C6949000CFF54B /* Project object */;
}
